// !$*UTF8*$!
{
	archiveVersion = 1;
	classes = {
	};
	objectVersion = 46;
	objects = {

/* Begin PBXBuildFile section */
		3CB1B80B1AB09F26004903FC /* Images.xcassets in Resources */ = {isa = PBXBuildFile; fileRef = 3CB1B80A1AB09F26004903FC /* Images.xcassets */; };
		3CB1B80E1AB09F26004903FC /* LaunchScreen.xib in Resources */ = {isa = PBXBuildFile; fileRef = 3CB1B80C1AB09F26004903FC /* LaunchScreen.xib */; };
		3CB1B8281AB09FA8004903FC /* AppDelegate.swift in Sources */ = {isa = PBXBuildFile; fileRef = 3CB1B8231AB09FA8004903FC /* AppDelegate.swift */; };
		3CB1B8291AB09FA8004903FC /* BDAstroCalc.swift in Sources */ = {isa = PBXBuildFile; fileRef = 3CB1B8241AB09FA8004903FC /* BDAstroCalc.swift */; };
		3CB1B82A1AB09FA8004903FC /* MainViewController.swift in Sources */ = {isa = PBXBuildFile; fileRef = 3CB1B8251AB09FA8004903FC /* MainViewController.swift */; };
		3CB1B82B1AB09FA8004903FC /* MoonViewController.swift in Sources */ = {isa = PBXBuildFile; fileRef = 3CB1B8261AB09FA8004903FC /* MoonViewController.swift */; };
		3CB1B82C1AB09FA8004903FC /* SunViewController.swift in Sources */ = {isa = PBXBuildFile; fileRef = 3CB1B8271AB09FA8004903FC /* SunViewController.swift */; };
/* End PBXBuildFile section */

/* Begin PBXFileReference section */
		3CB1B7FE1AB09F26004903FC /* BDAstroCalcDemo.app */ = {isa = PBXFileReference; explicitFileType = wrapper.application; includeInIndex = 0; path = BDAstroCalcDemo.app; sourceTree = BUILT_PRODUCTS_DIR; };
		3CB1B8021AB09F26004903FC /* Info.plist */ = {isa = PBXFileReference; lastKnownFileType = text.plist.xml; path = Info.plist; sourceTree = "<group>"; };
		3CB1B80A1AB09F26004903FC /* Images.xcassets */ = {isa = PBXFileReference; lastKnownFileType = folder.assetcatalog; path = Images.xcassets; sourceTree = "<group>"; };
		3CB1B80D1AB09F26004903FC /* Base */ = {isa = PBXFileReference; lastKnownFileType = file.xib; name = Base; path = Base.lproj/LaunchScreen.xib; sourceTree = "<group>"; };
		3CB1B8231AB09FA8004903FC /* AppDelegate.swift */ = {isa = PBXFileReference; fileEncoding = 4; lastKnownFileType = sourcecode.swift; path = AppDelegate.swift; sourceTree = "<group>"; };
		3CB1B8241AB09FA8004903FC /* BDAstroCalc.swift */ = {isa = PBXFileReference; fileEncoding = 4; lastKnownFileType = sourcecode.swift; path = BDAstroCalc.swift; sourceTree = "<group>"; };
		3CB1B8251AB09FA8004903FC /* MainViewController.swift */ = {isa = PBXFileReference; fileEncoding = 4; lastKnownFileType = sourcecode.swift; path = MainViewController.swift; sourceTree = "<group>"; };
		3CB1B8261AB09FA8004903FC /* MoonViewController.swift */ = {isa = PBXFileReference; fileEncoding = 4; lastKnownFileType = sourcecode.swift; path = MoonViewController.swift; sourceTree = "<group>"; };
		3CB1B8271AB09FA8004903FC /* SunViewController.swift */ = {isa = PBXFileReference; fileEncoding = 4; lastKnownFileType = sourcecode.swift; path = SunViewController.swift; sourceTree = "<group>"; };
/* End PBXFileReference section */

/* Begin PBXFrameworksBuildPhase section */
		3CB1B7FB1AB09F26004903FC /* Frameworks */ = {
			isa = PBXFrameworksBuildPhase;
			buildActionMask = 2147483647;
			files = (
			);
			runOnlyForDeploymentPostprocessing = 0;
		};
/* End PBXFrameworksBuildPhase section */

/* Begin PBXGroup section */
		3CB1B7F51AB09F26004903FC = {
			isa = PBXGroup;
			children = (
				3CB1B8001AB09F26004903FC /* BDAstroCalcDemo */,
				3CB1B7FF1AB09F26004903FC /* Products */,
			);
			sourceTree = "<group>";
		};
		3CB1B7FF1AB09F26004903FC /* Products */ = {
			isa = PBXGroup;
			children = (
				3CB1B7FE1AB09F26004903FC /* BDAstroCalcDemo.app */,
			);
			name = Products;
			sourceTree = "<group>";
		};
		3CB1B8001AB09F26004903FC /* BDAstroCalcDemo */ = {
			isa = PBXGroup;
			children = (
				3CB1B8231AB09FA8004903FC /* AppDelegate.swift */,
				3CB1B8241AB09FA8004903FC /* BDAstroCalc.swift */,
				3CB1B8251AB09FA8004903FC /* MainViewController.swift */,
				3CB1B8261AB09FA8004903FC /* MoonViewController.swift */,
				3CB1B8271AB09FA8004903FC /* SunViewController.swift */,
				3CB1B80A1AB09F26004903FC /* Images.xcassets */,
				3CB1B80C1AB09F26004903FC /* LaunchScreen.xib */,
				3CB1B8011AB09F26004903FC /* Supporting Files */,
			);
			path = BDAstroCalcDemo;
			sourceTree = "<group>";
		};
		3CB1B8011AB09F26004903FC /* Supporting Files */ = {
			isa = PBXGroup;
			children = (
				3CB1B8021AB09F26004903FC /* Info.plist */,
			);
			name = "Supporting Files";
			sourceTree = "<group>";
		};
/* End PBXGroup section */

/* Begin PBXNativeTarget section */
		3CB1B7FD1AB09F26004903FC /* BDAstroCalcDemo */ = {
			isa = PBXNativeTarget;
			buildConfigurationList = 3CB1B81D1AB09F26004903FC /* Build configuration list for PBXNativeTarget "BDAstroCalcDemo" */;
			buildPhases = (
				3CB1B7FA1AB09F26004903FC /* Sources */,
				3CB1B7FB1AB09F26004903FC /* Frameworks */,
				3CB1B7FC1AB09F26004903FC /* Resources */,
			);
			buildRules = (
			);
			dependencies = (
			);
			name = BDAstroCalcDemo;
			productName = BDAstroCalcDemo;
			productReference = 3CB1B7FE1AB09F26004903FC /* BDAstroCalcDemo.app */;
			productType = "com.apple.product-type.application";
		};
/* End PBXNativeTarget section */

/* Begin PBXProject section */
		3CB1B7F61AB09F26004903FC /* Project object */ = {
			isa = PBXProject;
			attributes = {
				LastSwiftMigration = 0710;
				LastSwiftUpdateCheck = 0710;
				LastUpgradeCheck = 0710;
				ORGANIZATIONNAME = "Ian McKay";
				TargetAttributes = {
					3CB1B7FD1AB09F26004903FC = {
						CreatedOnToolsVersion = 6.1.1;
						DevelopmentTeam = FC75JJPE59;
					};
				};
			};
			buildConfigurationList = 3CB1B7F91AB09F26004903FC /* Build configuration list for PBXProject "BDAstroCalcDemo" */;
			compatibilityVersion = "Xcode 3.2";
			developmentRegion = English;
			hasScannedForEncodings = 0;
			knownRegions = (
				en,
				Base,
			);
			mainGroup = 3CB1B7F51AB09F26004903FC;
			productRefGroup = 3CB1B7FF1AB09F26004903FC /* Products */;
			projectDirPath = "";
			projectRoot = "";
			targets = (
				3CB1B7FD1AB09F26004903FC /* BDAstroCalcDemo */,
			);
		};
/* End PBXProject section */

/* Begin PBXResourcesBuildPhase section */
		3CB1B7FC1AB09F26004903FC /* Resources */ = {
			isa = PBXResourcesBuildPhase;
			buildActionMask = 2147483647;
			files = (
				3CB1B80E1AB09F26004903FC /* LaunchScreen.xib in Resources */,
				3CB1B80B1AB09F26004903FC /* Images.xcassets in Resources */,
			);
			runOnlyForDeploymentPostprocessing = 0;
		};
/* End PBXResourcesBuildPhase section */

/* Begin PBXSourcesBuildPhase section */
		3CB1B7FA1AB09F26004903FC /* Sources */ = {
			isa = PBXSourcesBuildPhase;
			buildActionMask = 2147483647;
			files = (
				3CB1B82A1AB09FA8004903FC /* MainViewController.swift in Sources */,
				3CB1B8291AB09FA8004903FC /* BDAstroCalc.swift in Sources */,
				3CB1B8281AB09FA8004903FC /* AppDelegate.swift in Sources */,
				3CB1B82C1AB09FA8004903FC /* SunViewController.swift in Sources */,
				3CB1B82B1AB09FA8004903FC /* MoonViewController.swift in Sources */,
			);
			runOnlyForDeploymentPostprocessing = 0;
		};
/* End PBXSourcesBuildPhase section */

/* Begin PBXVariantGroup section */
		3CB1B80C1AB09F26004903FC /* LaunchScreen.xib */ = {
			isa = PBXVariantGroup;
			children = (
				3CB1B80D1AB09F26004903FC /* Base */,
			);
			name = LaunchScreen.xib;
			sourceTree = "<group>";
		};
/* End PBXVariantGroup section */

/* Begin XCBuildConfiguration section */
		3CB1B81B1AB09F26004903FC /* Debug */ = {
			isa = XCBuildConfiguration;
			buildSettings = {
				ALWAYS_SEARCH_USER_PATHS = NO;
				CLANG_CXX_LANGUAGE_STANDARD = "gnu++0x";
				CLANG_CXX_LIBRARY = "libc++";
				CLANG_ENABLE_MODULES = YES;
				CLANG_ENABLE_OBJC_ARC = YES;
				CLANG_WARN_BOOL_CONVERSION = YES;
				CLANG_WARN_CONSTANT_CONVERSION = YES;
				CLANG_WARN_DIRECT_OBJC_ISA_USAGE = YES_ERROR;
				CLANG_WARN_EMPTY_BODY = YES;
				CLANG_WARN_ENUM_CONVERSION = YES;
				CLANG_WARN_INT_CONVERSION = YES;
				CLANG_WARN_OBJC_ROOT_CLASS = YES_ERROR;
				CLANG_WARN_UNREACHABLE_CODE = YES;
				CLANG_WARN__DUPLICATE_METHOD_MATCH = YES;
				"CODE_SIGN_IDENTITY[sdk=iphoneos*]" = "iPhone Developer";
				COPY_PHASE_STRIP = NO;
				ENABLE_STRICT_OBJC_MSGSEND = YES;
				ENABLE_TESTABILITY = YES;
				GCC_C_LANGUAGE_STANDARD = gnu99;
				GCC_DYNAMIC_NO_PIC = NO;
				GCC_OPTIMIZATION_LEVEL = 0;
				GCC_PREPROCESSOR_DEFINITIONS = (
					"DEBUG=1",
					"$(inherited)",
				);
				GCC_SYMBOLS_PRIVATE_EXTERN = NO;
				GCC_WARN_64_TO_32_BIT_CONVERSION = YES;
				GCC_WARN_ABOUT_RETURN_TYPE = YES_ERROR;
				GCC_WARN_UNDECLARED_SELECTOR = YES;
				GCC_WARN_UNINITIALIZED_AUTOS = YES_AGGRESSIVE;
				GCC_WARN_UNUSED_FUNCTION = YES;
				GCC_WARN_UNUSED_VARIABLE = YES;
				IPHONEOS_DEPLOYMENT_TARGET = 9.1;
				MTL_ENABLE_DEBUG_INFO = YES;
				ONLY_ACTIVE_ARCH = YES;
				SDKROOT = iphoneos;
				SWIFT_OPTIMIZATION_LEVEL = "-Onone";
			};
			name = Debug;
		};
		3CB1B81C1AB09F26004903FC /* Release */ = {
			isa = XCBuildConfiguration;
			buildSettings = {
				ALWAYS_SEARCH_USER_PATHS = NO;
				CLANG_CXX_LANGUAGE_STANDARD = "gnu++0x";
				CLANG_CXX_LIBRARY = "libc++";
				CLANG_ENABLE_MODULES = YES;
				CLANG_ENABLE_OBJC_ARC = YES;
				CLANG_WARN_BOOL_CONVERSION = YES;
				CLANG_WARN_CONSTANT_CONVERSION = YES;
				CLANG_WARN_DIRECT_OBJC_ISA_USAGE = YES_ERROR;
				CLANG_WARN_EMPTY_BODY = YES;
				CLANG_WARN_ENUM_CONVERSION = YES;
				CLANG_WARN_INT_CONVERSION = YES;
				CLANG_WARN_OBJC_ROOT_CLASS = YES_ERROR;
				CLANG_WARN_UNREACHABLE_CODE = YES;
				CLANG_WARN__DUPLICATE_METHOD_MATCH = YES;
				"CODE_SIGN_IDENTITY[sdk=iphoneos*]" = "iPhone Developer";
				COPY_PHASE_STRIP = YES;
				ENABLE_NS_ASSERTIONS = NO;
				ENABLE_STRICT_OBJC_MSGSEND = YES;
				GCC_C_LANGUAGE_STANDARD = gnu99;
				GCC_WARN_64_TO_32_BIT_CONVERSION = YES;
				GCC_WARN_ABOUT_RETURN_TYPE = YES_ERROR;
				GCC_WARN_UNDECLARED_SELECTOR = YES;
				GCC_WARN_UNINITIALIZED_AUTOS = YES_AGGRESSIVE;
				GCC_WARN_UNUSED_FUNCTION = YES;
				GCC_WARN_UNUSED_VARIABLE = YES;
				IPHONEOS_DEPLOYMENT_TARGET = 9.1;
				MTL_ENABLE_DEBUG_INFO = NO;
				SDKROOT = iphoneos;
				VALIDATE_PRODUCT = YES;
			};
			name = Release;
		};
		3CB1B81E1AB09F26004903FC /* Debug */ = {
			isa = XCBuildConfiguration;
			buildSettings = {
				ASSETCATALOG_COMPILER_APPICON_NAME = AppIcon;
				CLANG_ENABLE_MODULES = YES;
				CODE_SIGN_IDENTITY = "iPhone Developer";
				INFOPLIST_FILE = BDAstroCalcDemo/Info.plist;
				LD_RUNPATH_SEARCH_PATHS = "$(inherited) @executable_path/Frameworks";
				PRODUCT_BUNDLE_IDENTIFIER = "com.Braindrizzlestudio.$(PRODUCT_NAME:rfc1034identifier)";
				PRODUCT_NAME = "$(TARGET_NAME)";
				SWIFT_OPTIMIZATION_LEVEL = "-Onone";
			};
			name = Debug;
		};
		3CB1B81F1AB09F26004903FC /* Release */ = {
			isa = XCBuildConfiguration;
			buildSettings = {
				ASSETCATALOG_COMPILER_APPICON_NAME = AppIcon;
				CLANG_ENABLE_MODULES = YES;
				CODE_SIGN_IDENTITY = "iPhone Developer";
				INFOPLIST_FILE = BDAstroCalcDemo/Info.plist;
				LD_RUNPATH_SEARCH_PATHS = "$(inherited) @executable_path/Frameworks";
				PRODUCT_BUNDLE_IDENTIFIER = "com.Braindrizzlestudio.$(PRODUCT_NAME:rfc1034identifier)";
				PRODUCT_NAME = "$(TARGET_NAME)";
			};
			name = Release;
		};
/* End XCBuildConfiguration section */

/* Begin XCConfigurationList section */
		3CB1B7F91AB09F26004903FC /* Build configuration list for PBXProject "BDAstroCalcDemo" */ = {
			isa = XCConfigurationList;
			buildConfigurations = (
				3CB1B81B1AB09F26004903FC /* Debug */,
				3CB1B81C1AB09F26004903FC /* Release */,
			);
			defaultConfigurationIsVisible = 0;
			defaultConfigurationName = Release;
		};
		3CB1B81D1AB09F26004903FC /* Build configuration list for PBXNativeTarget "BDAstroCalcDemo" */ = {
			isa = XCConfigurationList;
			buildConfigurations = (
				3CB1B81E1AB09F26004903FC /* Debug */,
				3CB1B81F1AB09F26004903FC /* Release */,
			);
			defaultConfigurationIsVisible = 0;
			defaultConfigurationName = Release;
		};
/* End XCConfigurationList section */
	};
	rootObject = 3CB1B7F61AB09F26004903FC /* Project object */;
}
