// !$*UTF8*$!
{
	archiveVersion = 1;
	classes = {
	};
	objectVersion = 46;
	objects = {

/* Begin PBXBuildFile section */
		3CB1B8041AB09F26004903FC /* AppDelegate.swift in Sources */ = {isa = PBXBuildFile; fileRef = 3CB1B8031AB09F26004903FC /* AppDelegate.swift */; };
		3CB1B8061AB09F26004903FC /* ViewController.swift in Sources */ = {isa = PBXBuildFile; fileRef = 3CB1B8051AB09F26004903FC /* ViewController.swift */; };
		3CB1B8091AB09F26004903FC /* Main.storyboard in Resources */ = {isa = PBXBuildFile; fileRef = 3CB1B8071AB09F26004903FC /* Main.storyboard */; };
		3CB1B80B1AB09F26004903FC /* Images.xcassets in Resources */ = {isa = PBXBuildFile; fileRef = 3CB1B80A1AB09F26004903FC /* Images.xcassets */; };
		3CB1B80E1AB09F26004903FC /* LaunchScreen.xib in Resources */ = {isa = PBXBuildFile; fileRef = 3CB1B80C1AB09F26004903FC /* LaunchScreen.xib */; };
		3CB1B81A1AB09F26004903FC /* BDAstroCalcDemoTests.swift in Sources */ = {isa = PBXBuildFile; fileRef = 3CB1B8191AB09F26004903FC /* BDAstroCalcDemoTests.swift */; };
/* End PBXBuildFile section */

/* Begin PBXContainerItemProxy section */
		3CB1B8141AB09F26004903FC /* PBXContainerItemProxy */ = {
			isa = PBXContainerItemProxy;
			containerPortal = 3CB1B7F61AB09F26004903FC /* Project object */;
			proxyType = 1;
			remoteGlobalIDString = 3CB1B7FD1AB09F26004903FC;
			remoteInfo = BDAstroCalcDemo;
		};
/* End PBXContainerItemProxy section */

/* Begin PBXFileReference section */
		3CB1B7FE1AB09F26004903FC /* BDAstroCalcDemo.app */ = {isa = PBXFileReference; explicitFileType = wrapper.application; includeInIndex = 0; path = BDAstroCalcDemo.app; sourceTree = BUILT_PRODUCTS_DIR; };
		3CB1B8021AB09F26004903FC /* Info.plist */ = {isa = PBXFileReference; lastKnownFileType = text.plist.xml; path = Info.plist; sourceTree = "<group>"; };
		3CB1B8031AB09F26004903FC /* AppDelegate.swift */ = {isa = PBXFileReference; lastKnownFileType = sourcecode.swift; path = AppDelegate.swift; sourceTree = "<group>"; };
		3CB1B8051AB09F26004903FC /* ViewController.swift */ = {isa = PBXFileReference; lastKnownFileType = sourcecode.swift; path = ViewController.swift; sourceTree = "<group>"; };
		3CB1B8081AB09F26004903FC /* Base */ = {isa = PBXFileReference; lastKnownFileType = file.storyboard; name = Base; path = Base.lproj/Main.storyboard; sourceTree = "<group>"; };
		3CB1B80A1AB09F26004903FC /* Images.xcassets */ = {isa = PBXFileReference; lastKnownFileType = folder.assetcatalog; path = Images.xcassets; sourceTree = "<group>"; };
		3CB1B80D1AB09F26004903FC /* Base */ = {isa = PBXFileReference; lastKnownFileType = file.xib; name = Base; path = Base.lproj/LaunchScreen.xib; sourceTree = "<group>"; };
		3CB1B8131AB09F26004903FC /* BDAstroCalcDemoTests.xctest */ = {isa = PBXFileReference; explicitFileType = wrapper.cfbundle; includeInIndex = 0; path = BDAstroCalcDemoTests.xctest; sourceTree = BUILT_PRODUCTS_DIR; };
		3CB1B8181AB09F26004903FC /* Info.plist */ = {isa = PBXFileReference; lastKnownFileType = text.plist.xml; path = Info.plist; sourceTree = "<group>"; };
		3CB1B8191AB09F26004903FC /* BDAstroCalcDemoTests.swift */ = {isa = PBXFileReference; lastKnownFileType = sourcecode.swift; path = BDAstroCalcDemoTests.swift; sourceTree = "<group>"; };
/* End PBXFileReference section */

/* Begin PBXFrameworksBuildPhase section */
		3CB1B7FB1AB09F26004903FC /* Frameworks */ = {
			isa = PBXFrameworksBuildPhase;
			buildActionMask = 2147483647;
			files = (
			);
			runOnlyForDeploymentPostprocessing = 0;
		};
		3CB1B8101AB09F26004903FC /* Frameworks */ = {
			isa = PBXFrameworksBuildPhase;
			buildActionMask = 2147483647;
			files = (
			);
			runOnlyForDeploymentPostprocessing = 0;
		};
/* End PBXFrameworksBuildPhase section */

/* Begin PBXGroup section */
		3CB1B7F51AB09F26004903FC = {
			isa = PBXGroup;
			children = (
				3CB1B8001AB09F26004903FC /* BDAstroCalcDemo */,
				3CB1B8161AB09F26004903FC /* BDAstroCalcDemoTests */,
				3CB1B7FF1AB09F26004903FC /* Products */,
			);
			sourceTree = "<group>";
		};
		3CB1B7FF1AB09F26004903FC /* Products */ = {
			isa = PBXGroup;
			children = (
				3CB1B7FE1AB09F26004903FC /* BDAstroCalcDemo.app */,
				3CB1B8131AB09F26004903FC /* BDAstroCalcDemoTests.xctest */,
			);
			name = Products;
			sourceTree = "<group>";
		};
		3CB1B8001AB09F26004903FC /* BDAstroCalcDemo */ = {
			isa = PBXGroup;
			children = (
				3CB1B8031AB09F26004903FC /* AppDelegate.swift */,
				3CB1B8051AB09F26004903FC /* ViewController.swift */,
				3CB1B8071AB09F26004903FC /* Main.storyboard */,
				3CB1B80A1AB09F26004903FC /* Images.xcassets */,
				3CB1B80C1AB09F26004903FC /* LaunchScreen.xib */,
				3CB1B8011AB09F26004903FC /* Supporting Files */,
			);
			path = BDAstroCalcDemo;
			sourceTree = "<group>";
		};
		3CB1B8011AB09F26004903FC /* Supporting Files */ = {
			isa = PBXGroup;
			children = (
				3CB1B8021AB09F26004903FC /* Info.plist */,
			);
			name = "Supporting Files";
			sourceTree = "<group>";
		};
		3CB1B8161AB09F26004903FC /* BDAstroCalcDemoTests */ = {
			isa = PBXGroup;
			children = (
				3CB1B8191AB09F26004903FC /* BDAstroCalcDemoTests.swift */,
				3CB1B8171AB09F26004903FC /* Supporting Files */,
			);
			path = BDAstroCalcDemoTests;
			sourceTree = "<group>";
		};
		3CB1B8171AB09F26004903FC /* Supporting Files */ = {
			isa = PBXGroup;
			children = (
				3CB1B8181AB09F26004903FC /* Info.plist */,
			);
			name = "Supporting Files";
			sourceTree = "<group>";
		};
/* End PBXGroup section */

/* Begin PBXNativeTarget section */
		3CB1B7FD1AB09F26004903FC /* BDAstroCalcDemo */ = {
			isa = PBXNativeTarget;
			buildConfigurationList = 3CB1B81D1AB09F26004903FC /* Build configuration list for PBXNativeTarget "BDAstroCalcDemo" */;
			buildPhases = (
				3CB1B7FA1AB09F26004903FC /* Sources */,
				3CB1B7FB1AB09F26004903FC /* Frameworks */,
				3CB1B7FC1AB09F26004903FC /* Resources */,
			);
			buildRules = (
			);
			dependencies = (
			);
			name = BDAstroCalcDemo;
			productName = BDAstroCalcDemo;
			productReference = 3CB1B7FE1AB09F26004903FC /* BDAstroCalcDemo.app */;
			productType = "com.apple.product-type.application";
		};
		3CB1B8121AB09F26004903FC /* BDAstroCalcDemoTests */ = {
			isa = PBXNativeTarget;
			buildConfigurationList = 3CB1B8201AB09F26004903FC /* Build configuration list for PBXNativeTarget "BDAstroCalcDemoTests" */;
			buildPhases = (
				3CB1B80F1AB09F26004903FC /* Sources */,
				3CB1B8101AB09F26004903FC /* Frameworks */,
				3CB1B8111AB09F26004903FC /* Resources */,
			);
			buildRules = (
			);
			dependencies = (
				3CB1B8151AB09F26004903FC /* PBXTargetDependency */,
			);
			name = BDAstroCalcDemoTests;
			productName = BDAstroCalcDemoTests;
			productReference = 3CB1B8131AB09F26004903FC /* BDAstroCalcDemoTests.xctest */;
			productType = "com.apple.product-type.bundle.unit-test";
		};
/* End PBXNativeTarget section */

/* Begin PBXProject section */
		3CB1B7F61AB09F26004903FC /* Project object */ = {
			isa = PBXProject;
			attributes = {
				LastUpgradeCheck = 0610;
				ORGANIZATIONNAME = "Ian McKay";
				TargetAttributes = {
					3CB1B7FD1AB09F26004903FC = {
						CreatedOnToolsVersion = 6.1.1;
					};
					3CB1B8121AB09F26004903FC = {
						CreatedOnToolsVersion = 6.1.1;
						TestTargetID = 3CB1B7FD1AB09F26004903FC;
					};
				};
			};
			buildConfigurationList = 3CB1B7F91AB09F26004903FC /* Build configuration list for PBXProject "BDAstroCalcDemo" */;
			compatibilityVersion = "Xcode 3.2";
			developmentRegion = English;
			hasScannedForEncodings = 0;
			knownRegions = (
				en,
				Base,
			);
			mainGroup = 3CB1B7F51AB09F26004903FC;
			productRefGroup = 3CB1B7FF1AB09F26004903FC /* Products */;
			projectDirPath = "";
			projectRoot = "";
			targets = (
				3CB1B7FD1AB09F26004903FC /* BDAstroCalcDemo */,
				3CB1B8121AB09F26004903FC /* BDAstroCalcDemoTests */,
			);
		};
/* End PBXProject section */

/* Begin PBXResourcesBuildPhase section */
		3CB1B7FC1AB09F26004903FC /* Resources */ = {
			isa = PBXResourcesBuildPhase;
			buildActionMask = 2147483647;
			files = (
				3CB1B8091AB09F26004903FC /* Main.storyboard in Resources */,
				3CB1B80E1AB09F26004903FC /* LaunchScreen.xib in Resources */,
				3CB1B80B1AB09F26004903FC /* Images.xcassets in Resources */,
			);
			runOnlyForDeploymentPostprocessing = 0;
		};
		3CB1B8111AB09F26004903FC /* Resources */ = {
			isa = PBXResourcesBuildPhase;
			buildActionMask = 2147483647;
			files = (
			);
			runOnlyForDeploymentPostprocessing = 0;
		};
/* End PBXResourcesBuildPhase section */

/* Begin PBXSourcesBuildPhase section */
		3CB1B7FA1AB09F26004903FC /* Sources */ = {
			isa = PBXSourcesBuildPhase;
			buildActionMask = 2147483647;
			files = (
				3CB1B8061AB09F26004903FC /* ViewController.swift in Sources */,
				3CB1B8041AB09F26004903FC /* AppDelegate.swift in Sources */,
			);
			runOnlyForDeploymentPostprocessing = 0;
		};
		3CB1B80F1AB09F26004903FC /* Sources */ = {
			isa = PBXSourcesBuildPhase;
			buildActionMask = 2147483647;
			files = (
				3CB1B81A1AB09F26004903FC /* BDAstroCalcDemoTests.swift in Sources */,
			);
			runOnlyForDeploymentPostprocessing = 0;
		};
/* End PBXSourcesBuildPhase section */

/* Begin PBXTargetDependency section */
		3CB1B8151AB09F26004903FC /* PBXTargetDependency */ = {
			isa = PBXTargetDependency;
			target = 3CB1B7FD1AB09F26004903FC /* BDAstroCalcDemo */;
			targetProxy = 3CB1B8141AB09F26004903FC /* PBXContainerItemProxy */;
		};
/* End PBXTargetDependency section */

/* Begin PBXVariantGroup section */
		3CB1B8071AB09F26004903FC /* Main.storyboard */ = {
			isa = PBXVariantGroup;
			children = (
				3CB1B8081AB09F26004903FC /* Base */,
			);
			name = Main.storyboard;
			sourceTree = "<group>";
		};
		3CB1B80C1AB09F26004903FC /* LaunchScreen.xib */ = {
			isa = PBXVariantGroup;
			children = (
				3CB1B80D1AB09F26004903FC /* Base */,
			);
			name = LaunchScreen.xib;
			sourceTree = "<group>";
		};
/* End PBXVariantGroup section */

/* Begin XCBuildConfiguration section */
		3CB1B81B1AB09F26004903FC /* Debug */ = {
			isa = XCBuildConfiguration;
			buildSettings = {
				ALWAYS_SEARCH_USER_PATHS = NO;
				CLANG_CXX_LANGUAGE_STANDARD = "gnu++0x";
				CLANG_CXX_LIBRARY = "libc++";
				CLANG_ENABLE_MODULES = YES;
				CLANG_ENABLE_OBJC_ARC = YES;
				CLANG_WARN_BOOL_CONVERSION = YES;
				CLANG_WARN_CONSTANT_CONVERSION = YES;
				CLANG_WARN_DIRECT_OBJC_ISA_USAGE = YES_ERROR;
				CLANG_WARN_EMPTY_BODY = YES;
				CLANG_WARN_ENUM_CONVERSION = YES;
				CLANG_WARN_INT_CONVERSION = YES;
				CLANG_WARN_OBJC_ROOT_CLASS = YES_ERROR;
				CLANG_WARN_UNREACHABLE_CODE = YES;
				CLANG_WARN__DUPLICATE_METHOD_MATCH = YES;
				"CODE_SIGN_IDENTITY[sdk=iphoneos*]" = "iPhone Developer";
				COPY_PHASE_STRIP = NO;
				ENABLE_STRICT_OBJC_MSGSEND = YES;
				GCC_C_LANGUAGE_STANDARD = gnu99;
				GCC_DYNAMIC_NO_PIC = NO;
				GCC_OPTIMIZATION_LEVEL = 0;
				GCC_PREPROCESSOR_DEFINITIONS = (
					"DEBUG=1",
					"$(inherited)",
				);
				GCC_SYMBOLS_PRIVATE_EXTERN = NO;
				GCC_WARN_64_TO_32_BIT_CONVERSION = YES;
				GCC_WARN_ABOUT_RETURN_TYPE = YES_ERROR;
				GCC_WARN_UNDECLARED_SELECTOR = YES;
				GCC_WARN_UNINITIALIZED_AUTOS = YES_AGGRESSIVE;
				GCC_WARN_UNUSED_FUNCTION = YES;
				GCC_WARN_UNUSED_VARIABLE = YES;
				IPHONEOS_DEPLOYMENT_TARGET = 8.1;
				MTL_ENABLE_DEBUG_INFO = YES;
				ONLY_ACTIVE_ARCH = YES;
				SDKROOT = iphoneos;
				SWIFT_OPTIMIZATION_LEVEL = "-Onone";
			};
			name = Debug;
		};
		3CB1B81C1AB09F26004903FC /* Release */ = {
			isa = XCBuildConfiguration;
			buildSettings = {
				ALWAYS_SEARCH_USER_PATHS = NO;
				CLANG_CXX_LANGUAGE_STANDARD = "gnu++0x";
				CLANG_CXX_LIBRARY = "libc++";
				CLANG_ENABLE_MODULES = YES;
				CLANG_ENABLE_OBJC_ARC = YES;
				CLANG_WARN_BOOL_CONVERSION = YES;
				CLANG_WARN_CONSTANT_CONVERSION = YES;
				CLANG_WARN_DIRECT_OBJC_ISA_USAGE = YES_ERROR;
				CLANG_WARN_EMPTY_BODY = YES;
				CLANG_WARN_ENUM_CONVERSION = YES;
				CLANG_WARN_INT_CONVERSION = YES;
				CLANG_WARN_OBJC_ROOT_CLASS = YES_ERROR;
				CLANG_WARN_UNREACHABLE_CODE = YES;
				CLANG_WARN__DUPLICATE_METHOD_MATCH = YES;
				"CODE_SIGN_IDENTITY[sdk=iphoneos*]" = "iPhone Developer";
				COPY_PHASE_STRIP = YES;
				ENABLE_NS_ASSERTIONS = NO;
				ENABLE_STRICT_OBJC_MSGSEND = YES;
				GCC_C_LANGUAGE_STANDARD = gnu99;
				GCC_WARN_64_TO_32_BIT_CONVERSION = YES;
				GCC_WARN_ABOUT_RETURN_TYPE = YES_ERROR;
				GCC_WARN_UNDECLARED_SELECTOR = YES;
				GCC_WARN_UNINITIALIZED_AUTOS = YES_AGGRESSIVE;
				GCC_WARN_UNUSED_FUNCTION = YES;
				GCC_WARN_UNUSED_VARIABLE = YES;
				IPHONEOS_DEPLOYMENT_TARGET = 8.1;
				MTL_ENABLE_DEBUG_INFO = NO;
				SDKROOT = iphoneos;
				VALIDATE_PRODUCT = YES;
			};
			name = Release;
		};
		3CB1B81E1AB09F26004903FC /* Debug */ = {
			isa = XCBuildConfiguration;
			buildSettings = {
				ASSETCATALOG_COMPILER_APPICON_NAME = AppIcon;
				INFOPLIST_FILE = BDAstroCalcDemo/Info.plist;
				LD_RUNPATH_SEARCH_PATHS = "$(inherited) @executable_path/Frameworks";
				PRODUCT_NAME = "$(TARGET_NAME)";
			};
			name = Debug;
		};
		3CB1B81F1AB09F26004903FC /* Release */ = {
			isa = XCBuildConfiguration;
			buildSettings = {
				ASSETCATALOG_COMPILER_APPICON_NAME = AppIcon;
				INFOPLIST_FILE = BDAstroCalcDemo/Info.plist;
				LD_RUNPATH_SEARCH_PATHS = "$(inherited) @executable_path/Frameworks";
				PRODUCT_NAME = "$(TARGET_NAME)";
			};
			name = Release;
		};
		3CB1B8211AB09F26004903FC /* Debug */ = {
			isa = XCBuildConfiguration;
			buildSettings = {
				BUNDLE_LOADER = "$(TEST_HOST)";
				FRAMEWORK_SEARCH_PATHS = (
					"$(SDKROOT)/Developer/Library/Frameworks",
					"$(inherited)",
				);
				GCC_PREPROCESSOR_DEFINITIONS = (
					"DEBUG=1",
					"$(inherited)",
				);
				INFOPLIST_FILE = BDAstroCalcDemoTests/Info.plist;
				LD_RUNPATH_SEARCH_PATHS = "$(inherited) @executable_path/Frameworks @loader_path/Frameworks";
				PRODUCT_NAME = "$(TARGET_NAME)";
				TEST_HOST = "$(BUILT_PRODUCTS_DIR)/BDAstroCalcDemo.app/BDAstroCalcDemo";
			};
			name = Debug;
		};
		3CB1B8221AB09F26004903FC /* Release */ = {
			isa = XCBuildConfiguration;
			buildSettings = {
				BUNDLE_LOADER = "$(TEST_HOST)";
				FRAMEWORK_SEARCH_PATHS = (
					"$(SDKROOT)/Developer/Library/Frameworks",
					"$(inherited)",
				);
				INFOPLIST_FILE = BDAstroCalcDemoTests/Info.plist;
				LD_RUNPATH_SEARCH_PATHS = "$(inherited) @executable_path/Frameworks @loader_path/Frameworks";
				PRODUCT_NAME = "$(TARGET_NAME)";
				TEST_HOST = "$(BUILT_PRODUCTS_DIR)/BDAstroCalcDemo.app/BDAstroCalcDemo";
			};
			name = Release;
		};
/* End XCBuildConfiguration section */

/* Begin XCConfigurationList section */
		3CB1B7F91AB09F26004903FC /* Build configuration list for PBXProject "BDAstroCalcDemo" */ = {
			isa = XCConfigurationList;
			buildConfigurations = (
				3CB1B81B1AB09F26004903FC /* Debug */,
				3CB1B81C1AB09F26004903FC /* Release */,
			);
			defaultConfigurationIsVisible = 0;
			defaultConfigurationName = Release;
		};
		3CB1B81D1AB09F26004903FC /* Build configuration list for PBXNativeTarget "BDAstroCalcDemo" */ = {
			isa = XCConfigurationList;
			buildConfigurations = (
				3CB1B81E1AB09F26004903FC /* Debug */,
				3CB1B81F1AB09F26004903FC /* Release */,
			);
			defaultConfigurationIsVisible = 0;
		};
		3CB1B8201AB09F26004903FC /* Build configuration list for PBXNativeTarget "BDAstroCalcDemoTests" */ = {
			isa = XCConfigurationList;
			buildConfigurations = (
				3CB1B8211AB09F26004903FC /* Debug */,
				3CB1B8221AB09F26004903FC /* Release */,
			);
			defaultConfigurationIsVisible = 0;
		};
/* End XCConfigurationList section */
	};
	rootObject = 3CB1B7F61AB09F26004903FC /* Project object */;
}
